<?xml version="1.0" encoding="UTF-8" standalone="yes" ?>
<CodeBlocks_project_file>
	<FileVersion major="1" minor="6" />
	<Project>
		<Option title="tictactoe" />
		<Option pch_mode="2" />
		<Option compiler="gcc" />
		<Build>
			<Target title="Release">
				<Option output="bin/Release/tictactoe" prefix_auto="1" extension_auto="1" />
				<Option object_output="obj/Release/" />
				<Option type="1" />
				<Option compiler="gcc" />
				<Compiler>
					<Add option="-O2" />
					<Add option="-std=c99" />
					<Add directory="inc" />
				</Compiler>
				<Linker>
					<Add option="-s" />
				</Linker>
			</Target>
		</Build>
		<Compiler>
			<Add option="-Wall" />
		</Compiler>
		<Unit filename="inc/board3d.h" />
		<Unit filename="inc/constants.h" />
		<Unit filename="inc/heitor.h" />
		<Unit filename="inc/score.h" />
		<Unit filename="inc/strings.h" />
		<Unit filename="inc/ui_board3d.h" />
		<Unit filename="inc/ui_general.h" />
		<Unit filename="inc/util.h" />
		<Unit filename="src/board3d.c">
			<Option compilerVar="CC" />
		</Unit>
		<Unit filename="src/constants.c">
			<Option compilerVar="CC" />
		</Unit>
		<Unit filename="src/heitor.c">
			<Option compilerVar="CC" />
		</Unit>
		<Unit filename="src/main.c">
			<Option compilerVar="CC" />
		</Unit>
		<Unit filename="src/score.c">
			<Option compilerVar="CC" />
		</Unit>
		<Unit filename="src/ui_board3d.c">
			<Option compilerVar="CC" />
		</Unit>
		<Unit filename="src/ui_general.c">
			<Option compilerVar="CC" />
		</Unit>
		<Unit filename="src/util.c">
			<Option compilerVar="CC" />
		</Unit>
		<Extensions>
			<code_completion />
			<envvars />
			<debugger />
		</Extensions>
	</Project>
</CodeBlocks_project_file>
